
Microsoft Visual Studio Solution File, Format Version 12.00
# Visual Studio Version 16
VisualStudioVersion = 16.0.30711.63
MinimumVisualStudioVersion = 10.0.40219.1
Project("{FAE04EC0-301F-11D3-BF4B-00C04F79EFBC}") = "PayrollRegister", "PayrollRegister.csproj", "{A1637030-4FA0-4AE1-B237-E4E12B517147}"
EndProject
Project("{F14B399A-7131-4C87-9E4B-1186C45EF12D}") = "PayrollRegisterReport", "..\PayrollRegisterReport\PayrollRegisterReport.rptproj", "{7538CADD-65BC-442B-88B4-62C71F33F9D6}"
EndProject
Global
	GlobalSection(SolutionConfigurationPlatforms) = preSolution
		Debug|Any CPU = Debug|Any CPU
		DebugLocal|Any CPU = DebugLocal|Any CPU
		Release|Any CPU = Release|Any CPU
	EndGlobalSection
	GlobalSection(ProjectConfigurationPlatforms) = postSolution
		{A1637030-4FA0-4AE1-B237-E4E12B517147}.Debug|Any CPU.ActiveCfg = Debug|Any CPU
		{A1637030-4FA0-4AE1-B237-E4E12B517147}.Debug|Any CPU.Build.0 = Debug|Any CPU
		{A1637030-4FA0-4AE1-B237-E4E12B517147}.DebugLocal|Any CPU.ActiveCfg = Debug|Any CPU
		{A1637030-4FA0-4AE1-B237-E4E12B517147}.DebugLocal|Any CPU.Build.0 = Debug|Any CPU
		{A1637030-4FA0-4AE1-B237-E4E12B517147}.Release|Any CPU.ActiveCfg = Release|Any CPU
		{A1637030-4FA0-4AE1-B237-E4E12B517147}.Release|Any CPU.Build.0 = Release|Any CPU
		{7538CADD-65BC-442B-88B4-62C71F33F9D6}.Debug|Any CPU.ActiveCfg = Debug
		{7538CADD-65BC-442B-88B4-62C71F33F9D6}.Debug|Any CPU.Build.0 = Debug
		{7538CADD-65BC-442B-88B4-62C71F33F9D6}.Debug|Any CPU.Deploy.0 = Debug
		{7538CADD-65BC-442B-88B4-62C71F33F9D6}.DebugLocal|Any CPU.ActiveCfg = DebugLocal
		{7538CADD-65BC-442B-88B4-62C71F33F9D6}.DebugLocal|Any CPU.Build.0 = DebugLocal
		{7538CADD-65BC-442B-88B4-62C71F33F9D6}.Release|Any CPU.ActiveCfg = Release
		{7538CADD-65BC-442B-88B4-62C71F33F9D6}.Release|Any CPU.Build.0 = Release
		{7538CADD-65BC-442B-88B4-62C71F33F9D6}.Release|Any CPU.Deploy.0 = Release
	EndGlobalSection
	GlobalSection(SolutionProperties) = preSolution
		HideSolutionNode = FALSE
	EndGlobalSection
	GlobalSection(ExtensibilityGlobals) = postSolution
		SolutionGuid = {054DACC9-74E3-437F-B8A1-FA3C781D4505}
	EndGlobalSection
EndGlobal
